
Microsoft Visual Studio Solution File, Format Version 12.00
# Visual Studio Version 17
VisualStudioVersion = 17.4.33213.308
MinimumVisualStudioVersion = 10.0.40219.1
Project("{2150E333-8FDC-42A3-9474-1A3956D46DE8}") = "src", "src", "{CAB422F6-C892-4244-B413-74A4B5168EE5}"
EndProject
Project("{2150E333-8FDC-42A3-9474-1A3956D46DE8}") = "Building Blocks", "Building Blocks", "{7A718BCB-81E6-4271-9FB6-9B3D96567BD7}"
EndProject
Project("{2150E333-8FDC-42A3-9474-1A3956D46DE8}") = "Services", "Services", "{62A19CC3-AFB3-47F9-BDEC-DCC7B76A76A3}"
EndProject
Project("{2150E333-8FDC-42A3-9474-1A3956D46DE8}") = "Web", "Web", "{CCB7E476-7CEF-415D-907F-64BB6D14BCFF}"
EndProject
Project("{2150E333-8FDC-42A3-9474-1A3956D46DE8}") = "Identidade", "Identidade", "{065C880E-E7B7-4410-8078-40848AF3B511}"
EndProject
Project("{FAE04EC0-301F-11D3-BF4B-00C04F79EFBC}") = "NSE.Identidade.API", "src\services\NSE.Identidade.API\NSE.Identidade.API.csproj", "{4CB1E6B1-9E72-4654-8BA9-1D9E580E05D9}"
EndProject
Project("{2150E333-8FDC-42A3-9474-1A3956D46DE8}") = "MVC", "MVC", "{F43A9814-9714-46F1-99C4-CBCA0773FC8F}"
EndProject
Project("{FAE04EC0-301F-11D3-BF4B-00C04F79EFBC}") = "NSE.WebApp.MVC", "src\web\NSE.WebApp.MVC\NSE.WebApp.MVC.csproj", "{8575F1EB-B352-4343-8446-471D15FEEC58}"
EndProject
Project("{2150E333-8FDC-42A3-9474-1A3956D46DE8}") = "Core", "Core", "{0D8A959C-B8EA-4763-9A54-403484EFBD77}"
EndProject
Project("{FAE04EC0-301F-11D3-BF4B-00C04F79EFBC}") = "NSE.Core", "src\building blocks\NSE.Core\NSE.Core.csproj", "{2E44B5E3-D831-459B-9F7F-D5D32CE288B7}"
EndProject
Project("{2150E333-8FDC-42A3-9474-1A3956D46DE8}") = "Carrinho", "Carrinho", "{45610990-3C97-4E10-8F79-7C6A4A7C93C7}"
EndProject
Project("{2150E333-8FDC-42A3-9474-1A3956D46DE8}") = "Catalogo", "Catalogo", "{C2FA02A7-23CB-4EFD-B7CD-87A4CBE051AF}"
EndProject
Project("{2150E333-8FDC-42A3-9474-1A3956D46DE8}") = "Cliente", "Cliente", "{9D5F3113-130E-481A-A9A3-7DFF7D19E214}"
EndProject
Project("{2150E333-8FDC-42A3-9474-1A3956D46DE8}") = "Pagamento", "Pagamento", "{30913F1B-A1F7-4FE4-91E0-680C043C739D}"
EndProject
Project("{2150E333-8FDC-42A3-9474-1A3956D46DE8}") = "Pedido", "Pedido", "{02DF8519-2EED-458D-A13A-0B0074145841}"
EndProject
Project("{FAE04EC0-301F-11D3-BF4B-00C04F79EFBC}") = "NSE.Carrinho.API", "src\services\NSE.Carrinho.API\NSE.Carrinho.API.csproj", "{0DF4DC5D-5B1D-4C6A-A92D-FA0DBB825ECF}"
EndProject
Project("{FAE04EC0-301F-11D3-BF4B-00C04F79EFBC}") = "NSE.Catalogo.API", "src\services\NSE.Catalogo.API\NSE.Catalogo.API.csproj", "{9ADB6045-672A-4C37-B2AD-A7E85A07B3E8}"
EndProject
Project("{9A19103F-16F7-4668-BE54-9A1E7A4F7556}") = "NSE.Cliente.API", "src\services\NSE.Cliente.API\NSE.Cliente.API.csproj", "{35B58635-B0A0-4FA3-9324-1A9E00113135}"
EndProject
Project("{FAE04EC0-301F-11D3-BF4B-00C04F79EFBC}") = "NSE.Pagamento.API", "src\services\NSE.Pagamento.API\NSE.Pagamento.API.csproj", "{E9D1101B-692E-41D0-A2E4-2E11B74E143E}"
EndProject
Project("{FAE04EC0-301F-11D3-BF4B-00C04F79EFBC}") = "NSE.Pedido.API", "src\services\NSE.Pedido.API\NSE.Pedido.API.csproj", "{06247F7D-CFD0-4A9F-A1CE-77F7BED5DE95}"
EndProject
Global
	GlobalSection(SolutionConfigurationPlatforms) = preSolution
		Debug|Any CPU = Debug|Any CPU
		Release|Any CPU = Release|Any CPU
	EndGlobalSection
	GlobalSection(ProjectConfigurationPlatforms) = postSolution
		{4CB1E6B1-9E72-4654-8BA9-1D9E580E05D9}.Debug|Any CPU.ActiveCfg = Debug|Any CPU
		{4CB1E6B1-9E72-4654-8BA9-1D9E580E05D9}.Debug|Any CPU.Build.0 = Debug|Any CPU
		{4CB1E6B1-9E72-4654-8BA9-1D9E580E05D9}.Release|Any CPU.ActiveCfg = Release|Any CPU
		{4CB1E6B1-9E72-4654-8BA9-1D9E580E05D9}.Release|Any CPU.Build.0 = Release|Any CPU
		{8575F1EB-B352-4343-8446-471D15FEEC58}.Debug|Any CPU.ActiveCfg = Debug|Any CPU
		{8575F1EB-B352-4343-8446-471D15FEEC58}.Debug|Any CPU.Build.0 = Debug|Any CPU
		{8575F1EB-B352-4343-8446-471D15FEEC58}.Release|Any CPU.ActiveCfg = Release|Any CPU
		{8575F1EB-B352-4343-8446-471D15FEEC58}.Release|Any CPU.Build.0 = Release|Any CPU
		{2E44B5E3-D831-459B-9F7F-D5D32CE288B7}.Debug|Any CPU.ActiveCfg = Debug|Any CPU
		{2E44B5E3-D831-459B-9F7F-D5D32CE288B7}.Debug|Any CPU.Build.0 = Debug|Any CPU
		{2E44B5E3-D831-459B-9F7F-D5D32CE288B7}.Release|Any CPU.ActiveCfg = Release|Any CPU
		{2E44B5E3-D831-459B-9F7F-D5D32CE288B7}.Release|Any CPU.Build.0 = Release|Any CPU
		{0DF4DC5D-5B1D-4C6A-A92D-FA0DBB825ECF}.Debug|Any CPU.ActiveCfg = Debug|Any CPU
		{0DF4DC5D-5B1D-4C6A-A92D-FA0DBB825ECF}.Debug|Any CPU.Build.0 = Debug|Any CPU
		{0DF4DC5D-5B1D-4C6A-A92D-FA0DBB825ECF}.Release|Any CPU.ActiveCfg = Release|Any CPU
		{0DF4DC5D-5B1D-4C6A-A92D-FA0DBB825ECF}.Release|Any CPU.Build.0 = Release|Any CPU
		{9ADB6045-672A-4C37-B2AD-A7E85A07B3E8}.Debug|Any CPU.ActiveCfg = Debug|Any CPU
		{9ADB6045-672A-4C37-B2AD-A7E85A07B3E8}.Debug|Any CPU.Build.0 = Debug|Any CPU
		{9ADB6045-672A-4C37-B2AD-A7E85A07B3E8}.Release|Any CPU.ActiveCfg = Release|Any CPU
		{9ADB6045-672A-4C37-B2AD-A7E85A07B3E8}.Release|Any CPU.Build.0 = Release|Any CPU
		{35B58635-B0A0-4FA3-9324-1A9E00113135}.Debug|Any CPU.ActiveCfg = Debug|Any CPU
		{35B58635-B0A0-4FA3-9324-1A9E00113135}.Debug|Any CPU.Build.0 = Debug|Any CPU
		{35B58635-B0A0-4FA3-9324-1A9E00113135}.Release|Any CPU.ActiveCfg = Release|Any CPU
		{35B58635-B0A0-4FA3-9324-1A9E00113135}.Release|Any CPU.Build.0 = Release|Any CPU
		{E9D1101B-692E-41D0-A2E4-2E11B74E143E}.Debug|Any CPU.ActiveCfg = Debug|Any CPU
		{E9D1101B-692E-41D0-A2E4-2E11B74E143E}.Debug|Any CPU.Build.0 = Debug|Any CPU
		{E9D1101B-692E-41D0-A2E4-2E11B74E143E}.Release|Any CPU.ActiveCfg = Release|Any CPU
		{E9D1101B-692E-41D0-A2E4-2E11B74E143E}.Release|Any CPU.Build.0 = Release|Any CPU
		{06247F7D-CFD0-4A9F-A1CE-77F7BED5DE95}.Debug|Any CPU.ActiveCfg = Debug|Any CPU
		{06247F7D-CFD0-4A9F-A1CE-77F7BED5DE95}.Debug|Any CPU.Build.0 = Debug|Any CPU
		{06247F7D-CFD0-4A9F-A1CE-77F7BED5DE95}.Release|Any CPU.ActiveCfg = Release|Any CPU
		{06247F7D-CFD0-4A9F-A1CE-77F7BED5DE95}.Release|Any CPU.Build.0 = Release|Any CPU
	EndGlobalSection
	GlobalSection(SolutionProperties) = preSolution
		HideSolutionNode = FALSE
	EndGlobalSection
	GlobalSection(NestedProjects) = preSolution
		{7A718BCB-81E6-4271-9FB6-9B3D96567BD7} = {CAB422F6-C892-4244-B413-74A4B5168EE5}
		{62A19CC3-AFB3-47F9-BDEC-DCC7B76A76A3} = {CAB422F6-C892-4244-B413-74A4B5168EE5}
		{CCB7E476-7CEF-415D-907F-64BB6D14BCFF} = {CAB422F6-C892-4244-B413-74A4B5168EE5}
		{065C880E-E7B7-4410-8078-40848AF3B511} = {62A19CC3-AFB3-47F9-BDEC-DCC7B76A76A3}
		{4CB1E6B1-9E72-4654-8BA9-1D9E580E05D9} = {065C880E-E7B7-4410-8078-40848AF3B511}
		{F43A9814-9714-46F1-99C4-CBCA0773FC8F} = {CCB7E476-7CEF-415D-907F-64BB6D14BCFF}
		{8575F1EB-B352-4343-8446-471D15FEEC58} = {F43A9814-9714-46F1-99C4-CBCA0773FC8F}
		{0D8A959C-B8EA-4763-9A54-403484EFBD77} = {7A718BCB-81E6-4271-9FB6-9B3D96567BD7}
		{2E44B5E3-D831-459B-9F7F-D5D32CE288B7} = {0D8A959C-B8EA-4763-9A54-403484EFBD77}
		{45610990-3C97-4E10-8F79-7C6A4A7C93C7} = {62A19CC3-AFB3-47F9-BDEC-DCC7B76A76A3}
		{C2FA02A7-23CB-4EFD-B7CD-87A4CBE051AF} = {62A19CC3-AFB3-47F9-BDEC-DCC7B76A76A3}
		{9D5F3113-130E-481A-A9A3-7DFF7D19E214} = {62A19CC3-AFB3-47F9-BDEC-DCC7B76A76A3}
		{30913F1B-A1F7-4FE4-91E0-680C043C739D} = {62A19CC3-AFB3-47F9-BDEC-DCC7B76A76A3}
		{02DF8519-2EED-458D-A13A-0B0074145841} = {62A19CC3-AFB3-47F9-BDEC-DCC7B76A76A3}
		{0DF4DC5D-5B1D-4C6A-A92D-FA0DBB825ECF} = {45610990-3C97-4E10-8F79-7C6A4A7C93C7}
		{9ADB6045-672A-4C37-B2AD-A7E85A07B3E8} = {C2FA02A7-23CB-4EFD-B7CD-87A4CBE051AF}
		{35B58635-B0A0-4FA3-9324-1A9E00113135} = {9D5F3113-130E-481A-A9A3-7DFF7D19E214}
		{E9D1101B-692E-41D0-A2E4-2E11B74E143E} = {30913F1B-A1F7-4FE4-91E0-680C043C739D}
		{06247F7D-CFD0-4A9F-A1CE-77F7BED5DE95} = {02DF8519-2EED-458D-A13A-0B0074145841}
	EndGlobalSection
	GlobalSection(ExtensibilityGlobals) = postSolution
		SolutionGuid = {B963CCA2-B68E-41B8-886D-1CED453BFFBD}
	EndGlobalSection
EndGlobal
